// !$*UTF8*$!
{
	archiveVersion = 1;
	classes = {
	};
	objectVersion = 55;
	objects = {

/* Begin PBXBuildFile section */
		BF39ECA028CF2CF900F82ADB /* TouchDown_SwiftUIApp.swift in Sources */ = {isa = PBXBuildFile; fileRef = BF39EC9F28CF2CF900F82ADB /* TouchDown_SwiftUIApp.swift */; };
		BF39ECA228CF2CF900F82ADB /* ContentView.swift in Sources */ = {isa = PBXBuildFile; fileRef = BF39ECA128CF2CF900F82ADB /* ContentView.swift */; };
		BF39ECA428CF2CFB00F82ADB /* Assets.xcassets in Resources */ = {isa = PBXBuildFile; fileRef = BF39ECA328CF2CFB00F82ADB /* Assets.xcassets */; };
		BF39ECA728CF2CFB00F82ADB /* Preview Assets.xcassets in Resources */ = {isa = PBXBuildFile; fileRef = BF39ECA628CF2CFB00F82ADB /* Preview Assets.xcassets */; };
		BF39ECB128CF2CFB00F82ADB /* TouchDown_SwiftUITests.swift in Sources */ = {isa = PBXBuildFile; fileRef = BF39ECB028CF2CFB00F82ADB /* TouchDown_SwiftUITests.swift */; };
		BF39ECBB28CF2CFB00F82ADB /* TouchDown_SwiftUIUITests.swift in Sources */ = {isa = PBXBuildFile; fileRef = BF39ECBA28CF2CFB00F82ADB /* TouchDown_SwiftUIUITests.swift */; };
		BF39ECBD28CF2CFB00F82ADB /* TouchDown_SwiftUIUITestsLaunchTests.swift in Sources */ = {isa = PBXBuildFile; fileRef = BF39ECBC28CF2CFB00F82ADB /* TouchDown_SwiftUIUITestsLaunchTests.swift */; };
		BF39ECCD28CF2D3F00F82ADB /* category.json in Resources */ = {isa = PBXBuildFile; fileRef = BF39ECC928CF2D3F00F82ADB /* category.json */; };
		BF39ECCE28CF2D3F00F82ADB /* product.json in Resources */ = {isa = PBXBuildFile; fileRef = BF39ECCA28CF2D3F00F82ADB /* product.json */; };
		BF39ECCF28CF2D3F00F82ADB /* brand.json in Resources */ = {isa = PBXBuildFile; fileRef = BF39ECCB28CF2D3F00F82ADB /* brand.json */; };
		BF39ECD028CF2D3F00F82ADB /* player.json in Resources */ = {isa = PBXBuildFile; fileRef = BF39ECCC28CF2D3F00F82ADB /* player.json */; };
		BFF232CC28D0904E0056C563 /* Constant.swift in Sources */ = {isa = PBXBuildFile; fileRef = BFF232CB28D0904E0056C563 /* Constant.swift */; };
		BFF232CE28D090CB0056C563 /* FooterView.swift in Sources */ = {isa = PBXBuildFile; fileRef = BFF232CD28D090CB0056C563 /* FooterView.swift */; };
		BFF232D028D092ED0056C563 /* NavigationBarView.swift in Sources */ = {isa = PBXBuildFile; fileRef = BFF232CF28D092ED0056C563 /* NavigationBarView.swift */; };
		BFF232D228D093EA0056C563 /* LogoView.swift in Sources */ = {isa = PBXBuildFile; fileRef = BFF232D128D093EA0056C563 /* LogoView.swift */; };
		BFF232D428D097970056C563 /* PlayerModel.swift in Sources */ = {isa = PBXBuildFile; fileRef = BFF232D328D097970056C563 /* PlayerModel.swift */; };
		BFF232D628D097BB0056C563 /* CodableBundleExtension.swift in Sources */ = {isa = PBXBuildFile; fileRef = BFF232D528D097BB0056C563 /* CodableBundleExtension.swift */; };
		BFF232D828D0992D0056C563 /* FeaturedItemView.swift in Sources */ = {isa = PBXBuildFile; fileRef = BFF232D728D0992D0056C563 /* FeaturedItemView.swift */; };
		BFF232DA28D099DE0056C563 /* FeaturedTabView.swift in Sources */ = {isa = PBXBuildFile; fileRef = BFF232D928D099DE0056C563 /* FeaturedTabView.swift */; };
		BFF232DC28D0C7130056C563 /* CategoryModel.swift in Sources */ = {isa = PBXBuildFile; fileRef = BFF232DB28D0C7130056C563 /* CategoryModel.swift */; };
		BFF232DE28D0C7910056C563 /* CategoryItemView.swift in Sources */ = {isa = PBXBuildFile; fileRef = BFF232DD28D0C7910056C563 /* CategoryItemView.swift */; };
		BFF232E028D0C8FF0056C563 /* CategoryGridView.swift in Sources */ = {isa = PBXBuildFile; fileRef = BFF232DF28D0C8FF0056C563 /* CategoryGridView.swift */; };
		BFF232E228D0CA3B0056C563 /* SectionView.swift in Sources */ = {isa = PBXBuildFile; fileRef = BFF232E128D0CA3B0056C563 /* SectionView.swift */; };
		BFF232E428D0CC560056C563 /* TitleView.swift in Sources */ = {isa = PBXBuildFile; fileRef = BFF232E328D0CC560056C563 /* TitleView.swift */; };
		BFF232E628D0CD120056C563 /* ProductModel.swift in Sources */ = {isa = PBXBuildFile; fileRef = BFF232E528D0CD120056C563 /* ProductModel.swift */; };
		BFF232E828D0CD970056C563 /* ProductItemView.swift in Sources */ = {isa = PBXBuildFile; fileRef = BFF232E728D0CD970056C563 /* ProductItemView.swift */; };
		BFF232EA28D0CFC10056C563 /* ProductGridView.swift in Sources */ = {isa = PBXBuildFile; fileRef = BFF232E928D0CFC10056C563 /* ProductGridView.swift */; };
/* End PBXBuildFile section */

/* Begin PBXContainerItemProxy section */
		BF39ECAD28CF2CFB00F82ADB /* PBXContainerItemProxy */ = {
			isa = PBXContainerItemProxy;
			containerPortal = BF39EC9428CF2CF900F82ADB /* Project object */;
			proxyType = 1;
			remoteGlobalIDString = BF39EC9B28CF2CF900F82ADB;
			remoteInfo = "TouchDown-SwiftUI";
		};
		BF39ECB728CF2CFB00F82ADB /* PBXContainerItemProxy */ = {
			isa = PBXContainerItemProxy;
			containerPortal = BF39EC9428CF2CF900F82ADB /* Project object */;
			proxyType = 1;
			remoteGlobalIDString = BF39EC9B28CF2CF900F82ADB;
			remoteInfo = "TouchDown-SwiftUI";
		};
/* End PBXContainerItemProxy section */

/* Begin PBXFileReference section */
		BF39EC9C28CF2CF900F82ADB /* TouchDown-SwiftUI.app */ = {isa = PBXFileReference; explicitFileType = wrapper.application; includeInIndex = 0; path = "TouchDown-SwiftUI.app"; sourceTree = BUILT_PRODUCTS_DIR; };
		BF39EC9F28CF2CF900F82ADB /* TouchDown_SwiftUIApp.swift */ = {isa = PBXFileReference; lastKnownFileType = sourcecode.swift; path = TouchDown_SwiftUIApp.swift; sourceTree = "<group>"; };
		BF39ECA128CF2CF900F82ADB /* ContentView.swift */ = {isa = PBXFileReference; lastKnownFileType = sourcecode.swift; path = ContentView.swift; sourceTree = "<group>"; };
		BF39ECA328CF2CFB00F82ADB /* Assets.xcassets */ = {isa = PBXFileReference; lastKnownFileType = folder.assetcatalog; path = Assets.xcassets; sourceTree = "<group>"; };
		BF39ECA628CF2CFB00F82ADB /* Preview Assets.xcassets */ = {isa = PBXFileReference; lastKnownFileType = folder.assetcatalog; path = "Preview Assets.xcassets"; sourceTree = "<group>"; };
		BF39ECAC28CF2CFB00F82ADB /* TouchDown-SwiftUITests.xctest */ = {isa = PBXFileReference; explicitFileType = wrapper.cfbundle; includeInIndex = 0; path = "TouchDown-SwiftUITests.xctest"; sourceTree = BUILT_PRODUCTS_DIR; };
		BF39ECB028CF2CFB00F82ADB /* TouchDown_SwiftUITests.swift */ = {isa = PBXFileReference; lastKnownFileType = sourcecode.swift; path = TouchDown_SwiftUITests.swift; sourceTree = "<group>"; };
		BF39ECB628CF2CFB00F82ADB /* TouchDown-SwiftUIUITests.xctest */ = {isa = PBXFileReference; explicitFileType = wrapper.cfbundle; includeInIndex = 0; path = "TouchDown-SwiftUIUITests.xctest"; sourceTree = BUILT_PRODUCTS_DIR; };
		BF39ECBA28CF2CFB00F82ADB /* TouchDown_SwiftUIUITests.swift */ = {isa = PBXFileReference; lastKnownFileType = sourcecode.swift; path = TouchDown_SwiftUIUITests.swift; sourceTree = "<group>"; };
		BF39ECBC28CF2CFB00F82ADB /* TouchDown_SwiftUIUITestsLaunchTests.swift */ = {isa = PBXFileReference; lastKnownFileType = sourcecode.swift; path = TouchDown_SwiftUIUITestsLaunchTests.swift; sourceTree = "<group>"; };
		BF39ECC928CF2D3F00F82ADB /* category.json */ = {isa = PBXFileReference; fileEncoding = 4; lastKnownFileType = text.json; path = category.json; sourceTree = "<group>"; };
		BF39ECCA28CF2D3F00F82ADB /* product.json */ = {isa = PBXFileReference; fileEncoding = 4; lastKnownFileType = text.json; path = product.json; sourceTree = "<group>"; };
		BF39ECCB28CF2D3F00F82ADB /* brand.json */ = {isa = PBXFileReference; fileEncoding = 4; lastKnownFileType = text.json; path = brand.json; sourceTree = "<group>"; };
		BF39ECCC28CF2D3F00F82ADB /* player.json */ = {isa = PBXFileReference; fileEncoding = 4; lastKnownFileType = text.json; path = player.json; sourceTree = "<group>"; };
		BF39ECD228CF2D9B00F82ADB /* Info.plist */ = {isa = PBXFileReference; lastKnownFileType = text.plist; path = Info.plist; sourceTree = "<group>"; };
		BFF232CB28D0904E0056C563 /* Constant.swift */ = {isa = PBXFileReference; lastKnownFileType = sourcecode.swift; path = Constant.swift; sourceTree = "<group>"; };
		BFF232CD28D090CB0056C563 /* FooterView.swift */ = {isa = PBXFileReference; lastKnownFileType = sourcecode.swift; path = FooterView.swift; sourceTree = "<group>"; };
		BFF232CF28D092ED0056C563 /* NavigationBarView.swift */ = {isa = PBXFileReference; lastKnownFileType = sourcecode.swift; path = NavigationBarView.swift; sourceTree = "<group>"; };
		BFF232D128D093EA0056C563 /* LogoView.swift */ = {isa = PBXFileReference; lastKnownFileType = sourcecode.swift; path = LogoView.swift; sourceTree = "<group>"; };
		BFF232D328D097970056C563 /* PlayerModel.swift */ = {isa = PBXFileReference; lastKnownFileType = sourcecode.swift; path = PlayerModel.swift; sourceTree = "<group>"; };
		BFF232D528D097BB0056C563 /* CodableBundleExtension.swift */ = {isa = PBXFileReference; lastKnownFileType = sourcecode.swift; path = CodableBundleExtension.swift; sourceTree = "<group>"; };
		BFF232D728D0992D0056C563 /* FeaturedItemView.swift */ = {isa = PBXFileReference; lastKnownFileType = sourcecode.swift; path = FeaturedItemView.swift; sourceTree = "<group>"; };
		BFF232D928D099DE0056C563 /* FeaturedTabView.swift */ = {isa = PBXFileReference; lastKnownFileType = sourcecode.swift; path = FeaturedTabView.swift; sourceTree = "<group>"; };
		BFF232DB28D0C7130056C563 /* CategoryModel.swift */ = {isa = PBXFileReference; lastKnownFileType = sourcecode.swift; path = CategoryModel.swift; sourceTree = "<group>"; };
		BFF232DD28D0C7910056C563 /* CategoryItemView.swift */ = {isa = PBXFileReference; lastKnownFileType = sourcecode.swift; path = CategoryItemView.swift; sourceTree = "<group>"; };
		BFF232DF28D0C8FF0056C563 /* CategoryGridView.swift */ = {isa = PBXFileReference; lastKnownFileType = sourcecode.swift; path = CategoryGridView.swift; sourceTree = "<group>"; };
		BFF232E128D0CA3B0056C563 /* SectionView.swift */ = {isa = PBXFileReference; lastKnownFileType = sourcecode.swift; path = SectionView.swift; sourceTree = "<group>"; };
		BFF232E328D0CC560056C563 /* TitleView.swift */ = {isa = PBXFileReference; lastKnownFileType = sourcecode.swift; path = TitleView.swift; sourceTree = "<group>"; };
		BFF232E528D0CD120056C563 /* ProductModel.swift */ = {isa = PBXFileReference; lastKnownFileType = sourcecode.swift; path = ProductModel.swift; sourceTree = "<group>"; };
		BFF232E728D0CD970056C563 /* ProductItemView.swift */ = {isa = PBXFileReference; lastKnownFileType = sourcecode.swift; path = ProductItemView.swift; sourceTree = "<group>"; };
		BFF232E928D0CFC10056C563 /* ProductGridView.swift */ = {isa = PBXFileReference; lastKnownFileType = sourcecode.swift; path = ProductGridView.swift; sourceTree = "<group>"; };
/* End PBXFileReference section */

/* Begin PBXFrameworksBuildPhase section */
		BF39EC9928CF2CF900F82ADB /* Frameworks */ = {
			isa = PBXFrameworksBuildPhase;
			buildActionMask = 2147483647;
			files = (
			);
			runOnlyForDeploymentPostprocessing = 0;
		};
		BF39ECA928CF2CFB00F82ADB /* Frameworks */ = {
			isa = PBXFrameworksBuildPhase;
			buildActionMask = 2147483647;
			files = (
			);
			runOnlyForDeploymentPostprocessing = 0;
		};
		BF39ECB328CF2CFB00F82ADB /* Frameworks */ = {
			isa = PBXFrameworksBuildPhase;
			buildActionMask = 2147483647;
			files = (
			);
			runOnlyForDeploymentPostprocessing = 0;
		};
/* End PBXFrameworksBuildPhase section */

/* Begin PBXGroup section */
		BF39EC9328CF2CF900F82ADB = {
			isa = PBXGroup;
			children = (
				BF39EC9E28CF2CF900F82ADB /* TouchDown-SwiftUI */,
				BF39ECAF28CF2CFB00F82ADB /* TouchDown-SwiftUITests */,
				BF39ECB928CF2CFB00F82ADB /* TouchDown-SwiftUIUITests */,
				BF39EC9D28CF2CF900F82ADB /* Products */,
			);
			sourceTree = "<group>";
		};
		BF39EC9D28CF2CF900F82ADB /* Products */ = {
			isa = PBXGroup;
			children = (
				BF39EC9C28CF2CF900F82ADB /* TouchDown-SwiftUI.app */,
				BF39ECAC28CF2CFB00F82ADB /* TouchDown-SwiftUITests.xctest */,
				BF39ECB628CF2CFB00F82ADB /* TouchDown-SwiftUIUITests.xctest */,
			);
			name = Products;
			sourceTree = "<group>";
		};
		BF39EC9E28CF2CF900F82ADB /* TouchDown-SwiftUI */ = {
			isa = PBXGroup;
			children = (
				BF39ECD328CF2E0800F82ADB /* App */,
				BF39ECD428CF2E1300F82ADB /* View */,
				BF39ECD128CF2D4400F82ADB /* Data */,
				BF39ECD928CF2E4000F82ADB /* Model */,
				BF39ECDA28CF2E4500F82ADB /* Extension */,
				BF39ECDB28CF2E4C00F82ADB /* Utility */,
				BF39ECD228CF2D9B00F82ADB /* Info.plist */,
				BF39ECA328CF2CFB00F82ADB /* Assets.xcassets */,
				BF39ECA528CF2CFB00F82ADB /* Preview Content */,
			);
			path = "TouchDown-SwiftUI";
			sourceTree = "<group>";
		};
		BF39ECA528CF2CFB00F82ADB /* Preview Content */ = {
			isa = PBXGroup;
			children = (
				BF39ECA628CF2CFB00F82ADB /* Preview Assets.xcassets */,
			);
			path = "Preview Content";
			sourceTree = "<group>";
		};
		BF39ECAF28CF2CFB00F82ADB /* TouchDown-SwiftUITests */ = {
			isa = PBXGroup;
			children = (
				BF39ECB028CF2CFB00F82ADB /* TouchDown_SwiftUITests.swift */,
			);
			path = "TouchDown-SwiftUITests";
			sourceTree = "<group>";
		};
		BF39ECB928CF2CFB00F82ADB /* TouchDown-SwiftUIUITests */ = {
			isa = PBXGroup;
			children = (
				BF39ECBA28CF2CFB00F82ADB /* TouchDown_SwiftUIUITests.swift */,
				BF39ECBC28CF2CFB00F82ADB /* TouchDown_SwiftUIUITestsLaunchTests.swift */,
			);
			path = "TouchDown-SwiftUIUITests";
			sourceTree = "<group>";
		};
		BF39ECD128CF2D4400F82ADB /* Data */ = {
			isa = PBXGroup;
			children = (
				BF39ECCB28CF2D3F00F82ADB /* brand.json */,
				BF39ECC928CF2D3F00F82ADB /* category.json */,
				BF39ECCC28CF2D3F00F82ADB /* player.json */,
				BF39ECCA28CF2D3F00F82ADB /* product.json */,
			);
			path = Data;
			sourceTree = "<group>";
		};
		BF39ECD328CF2E0800F82ADB /* App */ = {
			isa = PBXGroup;
			children = (
				BF39EC9F28CF2CF900F82ADB /* TouchDown_SwiftUIApp.swift */,
				BF39ECA128CF2CF900F82ADB /* ContentView.swift */,
			);
			path = App;
			sourceTree = "<group>";
		};
		BF39ECD428CF2E1300F82ADB /* View */ = {
			isa = PBXGroup;
			children = (
				BF39ECD628CF2E2200F82ADB /* Home */,
				BF39ECD528CF2E1900F82ADB /* Detail */,
			);
			path = View;
			sourceTree = "<group>";
		};
		BF39ECD528CF2E1900F82ADB /* Detail */ = {
			isa = PBXGroup;
			children = (
			);
			path = Detail;
			sourceTree = "<group>";
		};
		BF39ECD628CF2E2200F82ADB /* Home */ = {
			isa = PBXGroup;
			children = (
				BFF232CD28D090CB0056C563 /* FooterView.swift */,
				BFF232CF28D092ED0056C563 /* NavigationBarView.swift */,
				BFF232D128D093EA0056C563 /* LogoView.swift */,
				BFF232D728D0992D0056C563 /* FeaturedItemView.swift */,
				BFF232D928D099DE0056C563 /* FeaturedTabView.swift */,
				BFF232DD28D0C7910056C563 /* CategoryItemView.swift */,
				BFF232DF28D0C8FF0056C563 /* CategoryGridView.swift */,
				BFF232E128D0CA3B0056C563 /* SectionView.swift */,
				BFF232E328D0CC560056C563 /* TitleView.swift */,
				BFF232E728D0CD970056C563 /* ProductItemView.swift */,
				BFF232E928D0CFC10056C563 /* ProductGridView.swift */,
			);
			path = Home;
			sourceTree = "<group>";
		};
		BF39ECD928CF2E4000F82ADB /* Model */ = {
			isa = PBXGroup;
			children = (
				BFF232D328D097970056C563 /* PlayerModel.swift */,
				BFF232DB28D0C7130056C563 /* CategoryModel.swift */,
				BFF232E528D0CD120056C563 /* ProductModel.swift */,
			);
			path = Model;
			sourceTree = "<group>";
		};
		BF39ECDA28CF2E4500F82ADB /* Extension */ = {
			isa = PBXGroup;
			children = (
				BFF232D528D097BB0056C563 /* CodableBundleExtension.swift */,
			);
			path = Extension;
			sourceTree = "<group>";
		};
		BF39ECDB28CF2E4C00F82ADB /* Utility */ = {
			isa = PBXGroup;
			children = (
				BFF232CB28D0904E0056C563 /* Constant.swift */,
			);
			path = Utility;
			sourceTree = "<group>";
		};
/* End PBXGroup section */

/* Begin PBXNativeTarget section */
		BF39EC9B28CF2CF900F82ADB /* TouchDown-SwiftUI */ = {
			isa = PBXNativeTarget;
			buildConfigurationList = BF39ECC028CF2CFB00F82ADB /* Build configuration list for PBXNativeTarget "TouchDown-SwiftUI" */;
			buildPhases = (
				BF39EC9828CF2CF900F82ADB /* Sources */,
				BF39EC9928CF2CF900F82ADB /* Frameworks */,
				BF39EC9A28CF2CF900F82ADB /* Resources */,
			);
			buildRules = (
			);
			dependencies = (
			);
			name = "TouchDown-SwiftUI";
			productName = "TouchDown-SwiftUI";
			productReference = BF39EC9C28CF2CF900F82ADB /* TouchDown-SwiftUI.app */;
			productType = "com.apple.product-type.application";
		};
		BF39ECAB28CF2CFB00F82ADB /* TouchDown-SwiftUITests */ = {
			isa = PBXNativeTarget;
			buildConfigurationList = BF39ECC328CF2CFB00F82ADB /* Build configuration list for PBXNativeTarget "TouchDown-SwiftUITests" */;
			buildPhases = (
				BF39ECA828CF2CFB00F82ADB /* Sources */,
				BF39ECA928CF2CFB00F82ADB /* Frameworks */,
				BF39ECAA28CF2CFB00F82ADB /* Resources */,
			);
			buildRules = (
			);
			dependencies = (
				BF39ECAE28CF2CFB00F82ADB /* PBXTargetDependency */,
			);
			name = "TouchDown-SwiftUITests";
			productName = "TouchDown-SwiftUITests";
			productReference = BF39ECAC28CF2CFB00F82ADB /* TouchDown-SwiftUITests.xctest */;
			productType = "com.apple.product-type.bundle.unit-test";
		};
		BF39ECB528CF2CFB00F82ADB /* TouchDown-SwiftUIUITests */ = {
			isa = PBXNativeTarget;
			buildConfigurationList = BF39ECC628CF2CFB00F82ADB /* Build configuration list for PBXNativeTarget "TouchDown-SwiftUIUITests" */;
			buildPhases = (
				BF39ECB228CF2CFB00F82ADB /* Sources */,
				BF39ECB328CF2CFB00F82ADB /* Frameworks */,
				BF39ECB428CF2CFB00F82ADB /* Resources */,
			);
			buildRules = (
			);
			dependencies = (
				BF39ECB828CF2CFB00F82ADB /* PBXTargetDependency */,
			);
			name = "TouchDown-SwiftUIUITests";
			productName = "TouchDown-SwiftUIUITests";
			productReference = BF39ECB628CF2CFB00F82ADB /* TouchDown-SwiftUIUITests.xctest */;
			productType = "com.apple.product-type.bundle.ui-testing";
		};
/* End PBXNativeTarget section */

/* Begin PBXProject section */
		BF39EC9428CF2CF900F82ADB /* Project object */ = {
			isa = PBXProject;
			attributes = {
				BuildIndependentTargetsInParallel = 1;
				LastSwiftUpdateCheck = 1340;
				LastUpgradeCheck = 1340;
				TargetAttributes = {
					BF39EC9B28CF2CF900F82ADB = {
						CreatedOnToolsVersion = 13.4.1;
					};
					BF39ECAB28CF2CFB00F82ADB = {
						CreatedOnToolsVersion = 13.4.1;
						TestTargetID = BF39EC9B28CF2CF900F82ADB;
					};
					BF39ECB528CF2CFB00F82ADB = {
						CreatedOnToolsVersion = 13.4.1;
						TestTargetID = BF39EC9B28CF2CF900F82ADB;
					};
				};
			};
			buildConfigurationList = BF39EC9728CF2CF900F82ADB /* Build configuration list for PBXProject "TouchDown-SwiftUI" */;
			compatibilityVersion = "Xcode 13.0";
			developmentRegion = en;
			hasScannedForEncodings = 0;
			knownRegions = (
				en,
				Base,
			);
			mainGroup = BF39EC9328CF2CF900F82ADB;
			productRefGroup = BF39EC9D28CF2CF900F82ADB /* Products */;
			projectDirPath = "";
			projectRoot = "";
			targets = (
				BF39EC9B28CF2CF900F82ADB /* TouchDown-SwiftUI */,
				BF39ECAB28CF2CFB00F82ADB /* TouchDown-SwiftUITests */,
				BF39ECB528CF2CFB00F82ADB /* TouchDown-SwiftUIUITests */,
			);
		};
/* End PBXProject section */

/* Begin PBXResourcesBuildPhase section */
		BF39EC9A28CF2CF900F82ADB /* Resources */ = {
			isa = PBXResourcesBuildPhase;
			buildActionMask = 2147483647;
			files = (
				BF39ECD028CF2D3F00F82ADB /* player.json in Resources */,
				BF39ECCD28CF2D3F00F82ADB /* category.json in Resources */,
				BF39ECCF28CF2D3F00F82ADB /* brand.json in Resources */,
				BF39ECCE28CF2D3F00F82ADB /* product.json in Resources */,
				BF39ECA728CF2CFB00F82ADB /* Preview Assets.xcassets in Resources */,
				BF39ECA428CF2CFB00F82ADB /* Assets.xcassets in Resources */,
			);
			runOnlyForDeploymentPostprocessing = 0;
		};
		BF39ECAA28CF2CFB00F82ADB /* Resources */ = {
			isa = PBXResourcesBuildPhase;
			buildActionMask = 2147483647;
			files = (
			);
			runOnlyForDeploymentPostprocessing = 0;
		};
		BF39ECB428CF2CFB00F82ADB /* Resources */ = {
			isa = PBXResourcesBuildPhase;
			buildActionMask = 2147483647;
			files = (
			);
			runOnlyForDeploymentPostprocessing = 0;
		};
/* End PBXResourcesBuildPhase section */

/* Begin PBXSourcesBuildPhase section */
		BF39EC9828CF2CF900F82ADB /* Sources */ = {
			isa = PBXSourcesBuildPhase;
			buildActionMask = 2147483647;
			files = (
				BFF232D628D097BB0056C563 /* CodableBundleExtension.swift in Sources */,
				BF39ECA228CF2CF900F82ADB /* ContentView.swift in Sources */,
				BFF232D228D093EA0056C563 /* LogoView.swift in Sources */,
				BFF232CE28D090CB0056C563 /* FooterView.swift in Sources */,
				BFF232D828D0992D0056C563 /* FeaturedItemView.swift in Sources */,
				BFF232E828D0CD970056C563 /* ProductItemView.swift in Sources */,
				BF39ECA028CF2CF900F82ADB /* TouchDown_SwiftUIApp.swift in Sources */,
				BFF232CC28D0904E0056C563 /* Constant.swift in Sources */,
				BFF232E028D0C8FF0056C563 /* CategoryGridView.swift in Sources */,
				BFF232DC28D0C7130056C563 /* CategoryModel.swift in Sources */,
				BFF232D028D092ED0056C563 /* NavigationBarView.swift in Sources */,
				BFF232E228D0CA3B0056C563 /* SectionView.swift in Sources */,
				BFF232DE28D0C7910056C563 /* CategoryItemView.swift in Sources */,
				BFF232DA28D099DE0056C563 /* FeaturedTabView.swift in Sources */,
				BFF232D428D097970056C563 /* PlayerModel.swift in Sources */,
				BFF232E428D0CC560056C563 /* TitleView.swift in Sources */,
				BFF232EA28D0CFC10056C563 /* ProductGridView.swift in Sources */,
				BFF232E628D0CD120056C563 /* ProductModel.swift in Sources */,
			);
			runOnlyForDeploymentPostprocessing = 0;
		};
		BF39ECA828CF2CFB00F82ADB /* Sources */ = {
			isa = PBXSourcesBuildPhase;
			buildActionMask = 2147483647;
			files = (
				BF39ECB128CF2CFB00F82ADB /* TouchDown_SwiftUITests.swift in Sources */,
			);
			runOnlyForDeploymentPostprocessing = 0;
		};
		BF39ECB228CF2CFB00F82ADB /* Sources */ = {
			isa = PBXSourcesBuildPhase;
			buildActionMask = 2147483647;
			files = (
				BF39ECBD28CF2CFB00F82ADB /* TouchDown_SwiftUIUITestsLaunchTests.swift in Sources */,
				BF39ECBB28CF2CFB00F82ADB /* TouchDown_SwiftUIUITests.swift in Sources */,
			);
			runOnlyForDeploymentPostprocessing = 0;
		};
/* End PBXSourcesBuildPhase section */

/* Begin PBXTargetDependency section */
		BF39ECAE28CF2CFB00F82ADB /* PBXTargetDependency */ = {
			isa = PBXTargetDependency;
			target = BF39EC9B28CF2CF900F82ADB /* TouchDown-SwiftUI */;
			targetProxy = BF39ECAD28CF2CFB00F82ADB /* PBXContainerItemProxy */;
		};
		BF39ECB828CF2CFB00F82ADB /* PBXTargetDependency */ = {
			isa = PBXTargetDependency;
			target = BF39EC9B28CF2CF900F82ADB /* TouchDown-SwiftUI */;
			targetProxy = BF39ECB728CF2CFB00F82ADB /* PBXContainerItemProxy */;
		};
/* End PBXTargetDependency section */

/* Begin XCBuildConfiguration section */
		BF39ECBE28CF2CFB00F82ADB /* Debug */ = {
			isa = XCBuildConfiguration;
			buildSettings = {
				ALWAYS_SEARCH_USER_PATHS = NO;
				CLANG_ANALYZER_NONNULL = YES;
				CLANG_ANALYZER_NUMBER_OBJECT_CONVERSION = YES_AGGRESSIVE;
				CLANG_CXX_LANGUAGE_STANDARD = "gnu++17";
				CLANG_ENABLE_MODULES = YES;
				CLANG_ENABLE_OBJC_ARC = YES;
				CLANG_ENABLE_OBJC_WEAK = YES;
				CLANG_WARN_BLOCK_CAPTURE_AUTORELEASING = YES;
				CLANG_WARN_BOOL_CONVERSION = YES;
				CLANG_WARN_COMMA = YES;
				CLANG_WARN_CONSTANT_CONVERSION = YES;
				CLANG_WARN_DEPRECATED_OBJC_IMPLEMENTATIONS = YES;
				CLANG_WARN_DIRECT_OBJC_ISA_USAGE = YES_ERROR;
				CLANG_WARN_DOCUMENTATION_COMMENTS = YES;
				CLANG_WARN_EMPTY_BODY = YES;
				CLANG_WARN_ENUM_CONVERSION = YES;
				CLANG_WARN_INFINITE_RECURSION = YES;
				CLANG_WARN_INT_CONVERSION = YES;
				CLANG_WARN_NON_LITERAL_NULL_CONVERSION = YES;
				CLANG_WARN_OBJC_IMPLICIT_RETAIN_SELF = YES;
				CLANG_WARN_OBJC_LITERAL_CONVERSION = YES;
				CLANG_WARN_OBJC_ROOT_CLASS = YES_ERROR;
				CLANG_WARN_QUOTED_INCLUDE_IN_FRAMEWORK_HEADER = YES;
				CLANG_WARN_RANGE_LOOP_ANALYSIS = YES;
				CLANG_WARN_STRICT_PROTOTYPES = YES;
				CLANG_WARN_SUSPICIOUS_MOVE = YES;
				CLANG_WARN_UNGUARDED_AVAILABILITY = YES_AGGRESSIVE;
				CLANG_WARN_UNREACHABLE_CODE = YES;
				CLANG_WARN__DUPLICATE_METHOD_MATCH = YES;
				COPY_PHASE_STRIP = NO;
				DEBUG_INFORMATION_FORMAT = dwarf;
				ENABLE_STRICT_OBJC_MSGSEND = YES;
				ENABLE_TESTABILITY = YES;
				GCC_C_LANGUAGE_STANDARD = gnu11;
				GCC_DYNAMIC_NO_PIC = NO;
				GCC_NO_COMMON_BLOCKS = YES;
				GCC_OPTIMIZATION_LEVEL = 0;
				GCC_PREPROCESSOR_DEFINITIONS = (
					"DEBUG=1",
					"$(inherited)",
				);
				GCC_WARN_64_TO_32_BIT_CONVERSION = YES;
				GCC_WARN_ABOUT_RETURN_TYPE = YES_ERROR;
				GCC_WARN_UNDECLARED_SELECTOR = YES;
				GCC_WARN_UNINITIALIZED_AUTOS = YES_AGGRESSIVE;
				GCC_WARN_UNUSED_FUNCTION = YES;
				GCC_WARN_UNUSED_VARIABLE = YES;
				IPHONEOS_DEPLOYMENT_TARGET = 15.5;
				MTL_ENABLE_DEBUG_INFO = INCLUDE_SOURCE;
				MTL_FAST_MATH = YES;
				ONLY_ACTIVE_ARCH = YES;
				SDKROOT = iphoneos;
				SWIFT_ACTIVE_COMPILATION_CONDITIONS = DEBUG;
				SWIFT_OPTIMIZATION_LEVEL = "-Onone";
			};
			name = Debug;
		};
		BF39ECBF28CF2CFB00F82ADB /* Release */ = {
			isa = XCBuildConfiguration;
			buildSettings = {
				ALWAYS_SEARCH_USER_PATHS = NO;
				CLANG_ANALYZER_NONNULL = YES;
				CLANG_ANALYZER_NUMBER_OBJECT_CONVERSION = YES_AGGRESSIVE;
				CLANG_CXX_LANGUAGE_STANDARD = "gnu++17";
				CLANG_ENABLE_MODULES = YES;
				CLANG_ENABLE_OBJC_ARC = YES;
				CLANG_ENABLE_OBJC_WEAK = YES;
				CLANG_WARN_BLOCK_CAPTURE_AUTORELEASING = YES;
				CLANG_WARN_BOOL_CONVERSION = YES;
				CLANG_WARN_COMMA = YES;
				CLANG_WARN_CONSTANT_CONVERSION = YES;
				CLANG_WARN_DEPRECATED_OBJC_IMPLEMENTATIONS = YES;
				CLANG_WARN_DIRECT_OBJC_ISA_USAGE = YES_ERROR;
				CLANG_WARN_DOCUMENTATION_COMMENTS = YES;
				CLANG_WARN_EMPTY_BODY = YES;
				CLANG_WARN_ENUM_CONVERSION = YES;
				CLANG_WARN_INFINITE_RECURSION = YES;
				CLANG_WARN_INT_CONVERSION = YES;
				CLANG_WARN_NON_LITERAL_NULL_CONVERSION = YES;
				CLANG_WARN_OBJC_IMPLICIT_RETAIN_SELF = YES;
				CLANG_WARN_OBJC_LITERAL_CONVERSION = YES;
				CLANG_WARN_OBJC_ROOT_CLASS = YES_ERROR;
				CLANG_WARN_QUOTED_INCLUDE_IN_FRAMEWORK_HEADER = YES;
				CLANG_WARN_RANGE_LOOP_ANALYSIS = YES;
				CLANG_WARN_STRICT_PROTOTYPES = YES;
				CLANG_WARN_SUSPICIOUS_MOVE = YES;
				CLANG_WARN_UNGUARDED_AVAILABILITY = YES_AGGRESSIVE;
				CLANG_WARN_UNREACHABLE_CODE = YES;
				CLANG_WARN__DUPLICATE_METHOD_MATCH = YES;
				COPY_PHASE_STRIP = NO;
				DEBUG_INFORMATION_FORMAT = "dwarf-with-dsym";
				ENABLE_NS_ASSERTIONS = NO;
				ENABLE_STRICT_OBJC_MSGSEND = YES;
				GCC_C_LANGUAGE_STANDARD = gnu11;
				GCC_NO_COMMON_BLOCKS = YES;
				GCC_WARN_64_TO_32_BIT_CONVERSION = YES;
				GCC_WARN_ABOUT_RETURN_TYPE = YES_ERROR;
				GCC_WARN_UNDECLARED_SELECTOR = YES;
				GCC_WARN_UNINITIALIZED_AUTOS = YES_AGGRESSIVE;
				GCC_WARN_UNUSED_FUNCTION = YES;
				GCC_WARN_UNUSED_VARIABLE = YES;
				IPHONEOS_DEPLOYMENT_TARGET = 15.5;
				MTL_ENABLE_DEBUG_INFO = NO;
				MTL_FAST_MATH = YES;
				SDKROOT = iphoneos;
				SWIFT_COMPILATION_MODE = wholemodule;
				SWIFT_OPTIMIZATION_LEVEL = "-O";
				VALIDATE_PRODUCT = YES;
			};
			name = Release;
		};
		BF39ECC128CF2CFB00F82ADB /* Debug */ = {
			isa = XCBuildConfiguration;
			buildSettings = {
				ASSETCATALOG_COMPILER_APPICON_NAME = AppIcon;
				ASSETCATALOG_COMPILER_GLOBAL_ACCENT_COLOR_NAME = AccentColor;
				CODE_SIGN_STYLE = Automatic;
				CURRENT_PROJECT_VERSION = 1;
				DEVELOPMENT_ASSET_PATHS = "\"TouchDown-SwiftUI/Preview Content\"";
				DEVELOPMENT_TEAM = L8QX5LU28U;
				ENABLE_PREVIEWS = YES;
				GENERATE_INFOPLIST_FILE = YES;
				INFOPLIST_FILE = "TouchDown-SwiftUI/Info.plist";
				INFOPLIST_KEY_UIApplicationSceneManifest_Generation = YES;
				INFOPLIST_KEY_UIApplicationSupportsIndirectInputEvents = YES;
				INFOPLIST_KEY_UISupportedInterfaceOrientations_iPad = "UIInterfaceOrientationPortrait UIInterfaceOrientationPortraitUpsideDown UIInterfaceOrientationLandscapeLeft UIInterfaceOrientationLandscapeRight";
				INFOPLIST_KEY_UISupportedInterfaceOrientations_iPhone = "UIInterfaceOrientationPortrait UIInterfaceOrientationLandscapeLeft UIInterfaceOrientationLandscapeRight";
				INFOPLIST_KEY_UIUserInterfaceStyle = Light;
				LD_RUNPATH_SEARCH_PATHS = (
					"$(inherited)",
					"@executable_path/Frameworks",
				);
				MARKETING_VERSION = 1.0;
				PRODUCT_BUNDLE_IDENTIFIER = "au.edu.uts.student.TouchDown-SwiftUI";
				PRODUCT_NAME = "$(TARGET_NAME)";
				SWIFT_EMIT_LOC_STRINGS = YES;
				SWIFT_VERSION = 5.0;
				TARGETED_DEVICE_FAMILY = "1,2";
			};
			name = Debug;
		};
		BF39ECC228CF2CFB00F82ADB /* Release */ = {
			isa = XCBuildConfiguration;
			buildSettings = {
				ASSETCATALOG_COMPILER_APPICON_NAME = AppIcon;
				ASSETCATALOG_COMPILER_GLOBAL_ACCENT_COLOR_NAME = AccentColor;
				CODE_SIGN_STYLE = Automatic;
				CURRENT_PROJECT_VERSION = 1;
				DEVELOPMENT_ASSET_PATHS = "\"TouchDown-SwiftUI/Preview Content\"";
				DEVELOPMENT_TEAM = L8QX5LU28U;
				ENABLE_PREVIEWS = YES;
				GENERATE_INFOPLIST_FILE = YES;
				INFOPLIST_FILE = "TouchDown-SwiftUI/Info.plist";
				INFOPLIST_KEY_UIApplicationSceneManifest_Generation = YES;
				INFOPLIST_KEY_UIApplicationSupportsIndirectInputEvents = YES;
				INFOPLIST_KEY_UISupportedInterfaceOrientations_iPad = "UIInterfaceOrientationPortrait UIInterfaceOrientationPortraitUpsideDown UIInterfaceOrientationLandscapeLeft UIInterfaceOrientationLandscapeRight";
				INFOPLIST_KEY_UISupportedInterfaceOrientations_iPhone = "UIInterfaceOrientationPortrait UIInterfaceOrientationLandscapeLeft UIInterfaceOrientationLandscapeRight";
				INFOPLIST_KEY_UIUserInterfaceStyle = Light;
				LD_RUNPATH_SEARCH_PATHS = (
					"$(inherited)",
					"@executable_path/Frameworks",
				);
				MARKETING_VERSION = 1.0;
				PRODUCT_BUNDLE_IDENTIFIER = "au.edu.uts.student.TouchDown-SwiftUI";
				PRODUCT_NAME = "$(TARGET_NAME)";
				SWIFT_EMIT_LOC_STRINGS = YES;
				SWIFT_VERSION = 5.0;
				TARGETED_DEVICE_FAMILY = "1,2";
			};
			name = Release;
		};
		BF39ECC428CF2CFB00F82ADB /* Debug */ = {
			isa = XCBuildConfiguration;
			buildSettings = {
				ALWAYS_EMBED_SWIFT_STANDARD_LIBRARIES = YES;
				BUNDLE_LOADER = "$(TEST_HOST)";
				CODE_SIGN_STYLE = Automatic;
				CURRENT_PROJECT_VERSION = 1;
				DEVELOPMENT_TEAM = L8QX5LU28U;
				GENERATE_INFOPLIST_FILE = YES;
				IPHONEOS_DEPLOYMENT_TARGET = 15.5;
				MARKETING_VERSION = 1.0;
				PRODUCT_BUNDLE_IDENTIFIER = "au.edu.uts.student.TouchDown-SwiftUITests";
				PRODUCT_NAME = "$(TARGET_NAME)";
				SWIFT_EMIT_LOC_STRINGS = NO;
				SWIFT_VERSION = 5.0;
				TARGETED_DEVICE_FAMILY = "1,2";
				TEST_HOST = "$(BUILT_PRODUCTS_DIR)/TouchDown-SwiftUI.app/TouchDown-SwiftUI";
			};
			name = Debug;
		};
		BF39ECC528CF2CFB00F82ADB /* Release */ = {
			isa = XCBuildConfiguration;
			buildSettings = {
				ALWAYS_EMBED_SWIFT_STANDARD_LIBRARIES = YES;
				BUNDLE_LOADER = "$(TEST_HOST)";
				CODE_SIGN_STYLE = Automatic;
				CURRENT_PROJECT_VERSION = 1;
				DEVELOPMENT_TEAM = L8QX5LU28U;
				GENERATE_INFOPLIST_FILE = YES;
				IPHONEOS_DEPLOYMENT_TARGET = 15.5;
				MARKETING_VERSION = 1.0;
				PRODUCT_BUNDLE_IDENTIFIER = "au.edu.uts.student.TouchDown-SwiftUITests";
				PRODUCT_NAME = "$(TARGET_NAME)";
				SWIFT_EMIT_LOC_STRINGS = NO;
				SWIFT_VERSION = 5.0;
				TARGETED_DEVICE_FAMILY = "1,2";
				TEST_HOST = "$(BUILT_PRODUCTS_DIR)/TouchDown-SwiftUI.app/TouchDown-SwiftUI";
			};
			name = Release;
		};
		BF39ECC728CF2CFB00F82ADB /* Debug */ = {
			isa = XCBuildConfiguration;
			buildSettings = {
				ALWAYS_EMBED_SWIFT_STANDARD_LIBRARIES = YES;
				CODE_SIGN_STYLE = Automatic;
				CURRENT_PROJECT_VERSION = 1;
				DEVELOPMENT_TEAM = L8QX5LU28U;
				GENERATE_INFOPLIST_FILE = YES;
				MARKETING_VERSION = 1.0;
				PRODUCT_BUNDLE_IDENTIFIER = "au.edu.uts.student.TouchDown-SwiftUIUITests";
				PRODUCT_NAME = "$(TARGET_NAME)";
				SWIFT_EMIT_LOC_STRINGS = NO;
				SWIFT_VERSION = 5.0;
				TARGETED_DEVICE_FAMILY = "1,2";
				TEST_TARGET_NAME = "TouchDown-SwiftUI";
			};
			name = Debug;
		};
		BF39ECC828CF2CFB00F82ADB /* Release */ = {
			isa = XCBuildConfiguration;
			buildSettings = {
				ALWAYS_EMBED_SWIFT_STANDARD_LIBRARIES = YES;
				CODE_SIGN_STYLE = Automatic;
				CURRENT_PROJECT_VERSION = 1;
				DEVELOPMENT_TEAM = L8QX5LU28U;
				GENERATE_INFOPLIST_FILE = YES;
				MARKETING_VERSION = 1.0;
				PRODUCT_BUNDLE_IDENTIFIER = "au.edu.uts.student.TouchDown-SwiftUIUITests";
				PRODUCT_NAME = "$(TARGET_NAME)";
				SWIFT_EMIT_LOC_STRINGS = NO;
				SWIFT_VERSION = 5.0;
				TARGETED_DEVICE_FAMILY = "1,2";
				TEST_TARGET_NAME = "TouchDown-SwiftUI";
			};
			name = Release;
		};
/* End XCBuildConfiguration section */

/* Begin XCConfigurationList section */
		BF39EC9728CF2CF900F82ADB /* Build configuration list for PBXProject "TouchDown-SwiftUI" */ = {
			isa = XCConfigurationList;
			buildConfigurations = (
				BF39ECBE28CF2CFB00F82ADB /* Debug */,
				BF39ECBF28CF2CFB00F82ADB /* Release */,
			);
			defaultConfigurationIsVisible = 0;
			defaultConfigurationName = Release;
		};
		BF39ECC028CF2CFB00F82ADB /* Build configuration list for PBXNativeTarget "TouchDown-SwiftUI" */ = {
			isa = XCConfigurationList;
			buildConfigurations = (
				BF39ECC128CF2CFB00F82ADB /* Debug */,
				BF39ECC228CF2CFB00F82ADB /* Release */,
			);
			defaultConfigurationIsVisible = 0;
			defaultConfigurationName = Release;
		};
		BF39ECC328CF2CFB00F82ADB /* Build configuration list for PBXNativeTarget "TouchDown-SwiftUITests" */ = {
			isa = XCConfigurationList;
			buildConfigurations = (
				BF39ECC428CF2CFB00F82ADB /* Debug */,
				BF39ECC528CF2CFB00F82ADB /* Release */,
			);
			defaultConfigurationIsVisible = 0;
			defaultConfigurationName = Release;
		};
		BF39ECC628CF2CFB00F82ADB /* Build configuration list for PBXNativeTarget "TouchDown-SwiftUIUITests" */ = {
			isa = XCConfigurationList;
			buildConfigurations = (
				BF39ECC728CF2CFB00F82ADB /* Debug */,
				BF39ECC828CF2CFB00F82ADB /* Release */,
			);
			defaultConfigurationIsVisible = 0;
			defaultConfigurationName = Release;
		};
/* End XCConfigurationList section */
	};
	rootObject = BF39EC9428CF2CF900F82ADB /* Project object */;
}
